// !$*UTF8*$!
{
	archiveVersion = 1;
	classes = {
	};
	objectVersion = 46;
	objects = {

/* Begin PBXBuildFile section */
		FA8F590E1CAA17560069846E /* AppDelegate.swift in Sources */ = {isa = PBXBuildFile; fileRef = FA8F590D1CAA17560069846E /* AppDelegate.swift */; };
		FA8F59131CAA17560069846E /* Main.storyboard in Resources */ = {isa = PBXBuildFile; fileRef = FA8F59111CAA17560069846E /* Main.storyboard */; };
		FA8F59161CAA17560069846E /* VirtualTourist.xcdatamodeld in Sources */ = {isa = PBXBuildFile; fileRef = FA8F59141CAA17560069846E /* VirtualTourist.xcdatamodeld */; };
		FA8F59181CAA17560069846E /* Assets.xcassets in Resources */ = {isa = PBXBuildFile; fileRef = FA8F59171CAA17560069846E /* Assets.xcassets */; };
		FA8F591B1CAA17560069846E /* LaunchScreen.storyboard in Resources */ = {isa = PBXBuildFile; fileRef = FA8F59191CAA17560069846E /* LaunchScreen.storyboard */; };
		FA8F59261CAA183D0069846E /* MapKit.framework in Frameworks */ = {isa = PBXBuildFile; fileRef = FA8F59251CAA183D0069846E /* MapKit.framework */; };
		FA8F59401CAA19990069846E /* BaseViewController.swift in Sources */ = {isa = PBXBuildFile; fileRef = FA8F59351CAA19990069846E /* BaseViewController.swift */; };
		FA8F59411CAA19990069846E /* CoreDataStackManager.swift in Sources */ = {isa = PBXBuildFile; fileRef = FA8F59361CAA19990069846E /* CoreDataStackManager.swift */; };
		FA8F59421CAA19990069846E /* FlickrCell.swift in Sources */ = {isa = PBXBuildFile; fileRef = FA8F59371CAA19990069846E /* FlickrCell.swift */; };
		FA8F59431CAA19990069846E /* FlickrClient.swift in Sources */ = {isa = PBXBuildFile; fileRef = FA8F59381CAA19990069846E /* FlickrClient.swift */; };
		FA8F59441CAA19990069846E /* FlickrConstants.swift in Sources */ = {isa = PBXBuildFile; fileRef = FA8F59391CAA19990069846E /* FlickrConstants.swift */; };
		FA8F59451CAA19990069846E /* FlickrConvenient.swift in Sources */ = {isa = PBXBuildFile; fileRef = FA8F593A1CAA19990069846E /* FlickrConvenient.swift */; };
		FA8F59461CAA19990069846E /* LocationDetailViewController.swift in Sources */ = {isa = PBXBuildFile; fileRef = FA8F593B1CAA19990069846E /* LocationDetailViewController.swift */; };
		FA8F59471CAA19990069846E /* MapRegion.swift in Sources */ = {isa = PBXBuildFile; fileRef = FA8F593C1CAA19990069846E /* MapRegion.swift */; };
		FA8F59481CAA19990069846E /* MapViewController.swift in Sources */ = {isa = PBXBuildFile; fileRef = FA8F593D1CAA19990069846E /* MapViewController.swift */; };
		FA8F59491CAA19990069846E /* Photo.swift in Sources */ = {isa = PBXBuildFile; fileRef = FA8F593E1CAA19990069846E /* Photo.swift */; };
		FA8F594A1CAA19990069846E /* Pin.swift in Sources */ = {isa = PBXBuildFile; fileRef = FA8F593F1CAA19990069846E /* Pin.swift */; };
/* End PBXBuildFile section */

/* Begin PBXFileReference section */
		FA8F590A1CAA17560069846E /* Virtual Tourist.app */ = {isa = PBXFileReference; explicitFileType = wrapper.application; includeInIndex = 0; path = "Virtual Tourist.app"; sourceTree = BUILT_PRODUCTS_DIR; };
		FA8F590D1CAA17560069846E /* AppDelegate.swift */ = {isa = PBXFileReference; lastKnownFileType = sourcecode.swift; path = AppDelegate.swift; sourceTree = "<group>"; };
		FA8F59121CAA17560069846E /* Base */ = {isa = PBXFileReference; lastKnownFileType = file.storyboard; name = Base; path = Base.lproj/Main.storyboard; sourceTree = "<group>"; };
		FA8F59151CAA17560069846E /* VirtualTourist.xcdatamodel */ = {isa = PBXFileReference; lastKnownFileType = wrapper.xcdatamodel; path = VirtualTourist.xcdatamodel; sourceTree = "<group>"; };
		FA8F59171CAA17560069846E /* Assets.xcassets */ = {isa = PBXFileReference; lastKnownFileType = folder.assetcatalog; path = Assets.xcassets; sourceTree = "<group>"; };
		FA8F591A1CAA17560069846E /* Base */ = {isa = PBXFileReference; lastKnownFileType = file.storyboard; name = Base; path = Base.lproj/LaunchScreen.storyboard; sourceTree = "<group>"; };
		FA8F591C1CAA17560069846E /* Info.plist */ = {isa = PBXFileReference; lastKnownFileType = text.plist.xml; path = Info.plist; sourceTree = "<group>"; };
		FA8F59251CAA183D0069846E /* MapKit.framework */ = {isa = PBXFileReference; lastKnownFileType = wrapper.framework; name = MapKit.framework; path = System/Library/Frameworks/MapKit.framework; sourceTree = SDKROOT; };
		FA8F59351CAA19990069846E /* BaseViewController.swift */ = {isa = PBXFileReference; fileEncoding = 4; lastKnownFileType = sourcecode.swift; path = BaseViewController.swift; sourceTree = "<group>"; };
		FA8F59361CAA19990069846E /* CoreDataStackManager.swift */ = {isa = PBXFileReference; fileEncoding = 4; lastKnownFileType = sourcecode.swift; path = CoreDataStackManager.swift; sourceTree = "<group>"; };
		FA8F59371CAA19990069846E /* FlickrCell.swift */ = {isa = PBXFileReference; fileEncoding = 4; lastKnownFileType = sourcecode.swift; path = FlickrCell.swift; sourceTree = "<group>"; };
		FA8F59381CAA19990069846E /* FlickrClient.swift */ = {isa = PBXFileReference; fileEncoding = 4; lastKnownFileType = sourcecode.swift; path = FlickrClient.swift; sourceTree = "<group>"; };
		FA8F59391CAA19990069846E /* FlickrConstants.swift */ = {isa = PBXFileReference; fileEncoding = 4; lastKnownFileType = sourcecode.swift; path = FlickrConstants.swift; sourceTree = "<group>"; };
		FA8F593A1CAA19990069846E /* FlickrConvenient.swift */ = {isa = PBXFileReference; fileEncoding = 4; lastKnownFileType = sourcecode.swift; path = FlickrConvenient.swift; sourceTree = "<group>"; };
		FA8F593B1CAA19990069846E /* LocationDetailViewController.swift */ = {isa = PBXFileReference; fileEncoding = 4; lastKnownFileType = sourcecode.swift; path = LocationDetailViewController.swift; sourceTree = "<group>"; };
		FA8F593C1CAA19990069846E /* MapRegion.swift */ = {isa = PBXFileReference; fileEncoding = 4; lastKnownFileType = sourcecode.swift; path = MapRegion.swift; sourceTree = "<group>"; };
		FA8F593D1CAA19990069846E /* MapViewController.swift */ = {isa = PBXFileReference; fileEncoding = 4; lastKnownFileType = sourcecode.swift; path = MapViewController.swift; sourceTree = "<group>"; };
		FA8F593E1CAA19990069846E /* Photo.swift */ = {isa = PBXFileReference; fileEncoding = 4; lastKnownFileType = sourcecode.swift; path = Photo.swift; sourceTree = "<group>"; };
		FA8F593F1CAA19990069846E /* Pin.swift */ = {isa = PBXFileReference; fileEncoding = 4; lastKnownFileType = sourcecode.swift; path = Pin.swift; sourceTree = "<group>"; };
/* End PBXFileReference section */

/* Begin PBXFrameworksBuildPhase section */
		FA8F59071CAA17560069846E /* Frameworks */ = {
			isa = PBXFrameworksBuildPhase;
			buildActionMask = 2147483647;
			files = (
				FA8F59261CAA183D0069846E /* MapKit.framework in Frameworks */,
			);
			runOnlyForDeploymentPostprocessing = 0;
		};
/* End PBXFrameworksBuildPhase section */

/* Begin PBXGroup section */
		FA8F59011CAA17560069846E = {
			isa = PBXGroup;
			children = (
				FA8F59251CAA183D0069846E /* MapKit.framework */,
				FA8F590C1CAA17560069846E /* Virtual Tourist */,
				FA8F590B1CAA17560069846E /* Products */,
			);
			sourceTree = "<group>";
		};
		FA8F590B1CAA17560069846E /* Products */ = {
			isa = PBXGroup;
			children = (
				FA8F590A1CAA17560069846E /* Virtual Tourist.app */,
			);
			name = Products;
			sourceTree = "<group>";
		};
		FA8F590C1CAA17560069846E /* Virtual Tourist */ = {
			isa = PBXGroup;
			children = (
				FA8F59241CAA180F0069846E /* Models */,
				FA8F59231CAA17ED0069846E /* Controllers */,
				FA8F59221CAA17DA0069846E /* Views */,
				FA8F590D1CAA17560069846E /* AppDelegate.swift */,
				FA8F59111CAA17560069846E /* Main.storyboard */,
				FA8F59171CAA17560069846E /* Assets.xcassets */,
				FA8F59191CAA17560069846E /* LaunchScreen.storyboard */,
				FA8F591C1CAA17560069846E /* Info.plist */,
				FA8F59361CAA19990069846E /* CoreDataStackManager.swift */,
				FA8F59141CAA17560069846E /* VirtualTourist.xcdatamodeld */,
			);
			path = "Virtual Tourist";
			sourceTree = "<group>";
		};
		FA8F59221CAA17DA0069846E /* Views */ = {
			isa = PBXGroup;
			children = (
				FA8F59371CAA19990069846E /* FlickrCell.swift */,
			);
			name = Views;
			sourceTree = "<group>";
		};
		FA8F59231CAA17ED0069846E /* Controllers */ = {
			isa = PBXGroup;
			children = (
				FA8F593B1CAA19990069846E /* LocationDetailViewController.swift */,
				FA8F593D1CAA19990069846E /* MapViewController.swift */,
				FA8F59351CAA19990069846E /* BaseViewController.swift */,
			);
			name = Controllers;
			sourceTree = "<group>";
		};
		FA8F59241CAA180F0069846E /* Models */ = {
			isa = PBXGroup;
			children = (
				FA8F594B1CAA1A020069846E /* Flickr */,
				FA8F593C1CAA19990069846E /* MapRegion.swift */,
				FA8F593E1CAA19990069846E /* Photo.swift */,
				FA8F593F1CAA19990069846E /* Pin.swift */,
			);
			name = Models;
			sourceTree = "<group>";
		};
		FA8F594B1CAA1A020069846E /* Flickr */ = {
			isa = PBXGroup;
			children = (
				FA8F59381CAA19990069846E /* FlickrClient.swift */,
				FA8F59391CAA19990069846E /* FlickrConstants.swift */,
				FA8F593A1CAA19990069846E /* FlickrConvenient.swift */,
			);
			name = Flickr;
			sourceTree = "<group>";
		};
/* End PBXGroup section */

/* Begin PBXNativeTarget section */
		FA8F59091CAA17560069846E /* Virtual Tourist */ = {
			isa = PBXNativeTarget;
			buildConfigurationList = FA8F591F1CAA17560069846E /* Build configuration list for PBXNativeTarget "Virtual Tourist" */;
			buildPhases = (
				FA8F59061CAA17560069846E /* Sources */,
				FA8F59071CAA17560069846E /* Frameworks */,
				FA8F59081CAA17560069846E /* Resources */,
			);
			buildRules = (
			);
			dependencies = (
			);
			name = "Virtual Tourist";
			productName = "Virtual Tourist";
			productReference = FA8F590A1CAA17560069846E /* Virtual Tourist.app */;
			productType = "com.apple.product-type.application";
		};
/* End PBXNativeTarget section */

/* Begin PBXProject section */
		FA8F59021CAA17560069846E /* Project object */ = {
			isa = PBXProject;
			attributes = {
				LastSwiftUpdateCheck = 0730;
				LastUpgradeCheck = 0730;
				ORGANIZATIONNAME = "Adhemar Soria Galvarro";
				TargetAttributes = {
					FA8F59091CAA17560069846E = {
						CreatedOnToolsVersion = 7.3;
					};
				};
			};
			buildConfigurationList = FA8F59051CAA17560069846E /* Build configuration list for PBXProject "Virtual Tourist" */;
			compatibilityVersion = "Xcode 3.2";
			developmentRegion = English;
			hasScannedForEncodings = 0;
			knownRegions = (
				en,
				Base,
			);
			mainGroup = FA8F59011CAA17560069846E;
			productRefGroup = FA8F590B1CAA17560069846E /* Products */;
			projectDirPath = "";
			projectRoot = "";
			targets = (
				FA8F59091CAA17560069846E /* Virtual Tourist */,
			);
		};
/* End PBXProject section */

/* Begin PBXResourcesBuildPhase section */
		FA8F59081CAA17560069846E /* Resources */ = {
			isa = PBXResourcesBuildPhase;
			buildActionMask = 2147483647;
			files = (
				FA8F591B1CAA17560069846E /* LaunchScreen.storyboard in Resources */,
				FA8F59181CAA17560069846E /* Assets.xcassets in Resources */,
				FA8F59131CAA17560069846E /* Main.storyboard in Resources */,
			);
			runOnlyForDeploymentPostprocessing = 0;
		};
/* End PBXResourcesBuildPhase section */

/* Begin PBXSourcesBuildPhase section */
		FA8F59061CAA17560069846E /* Sources */ = {
			isa = PBXSourcesBuildPhase;
			buildActionMask = 2147483647;
			files = (
				FA8F59471CAA19990069846E /* MapRegion.swift in Sources */,
				FA8F59441CAA19990069846E /* FlickrConstants.swift in Sources */,
				FA8F59421CAA19990069846E /* FlickrCell.swift in Sources */,
				FA8F59431CAA19990069846E /* FlickrClient.swift in Sources */,
				FA8F59461CAA19990069846E /* LocationDetailViewController.swift in Sources */,
				FA8F59491CAA19990069846E /* Photo.swift in Sources */,
				FA8F594A1CAA19990069846E /* Pin.swift in Sources */,
				FA8F59401CAA19990069846E /* BaseViewController.swift in Sources */,
				FA8F59481CAA19990069846E /* MapViewController.swift in Sources */,
				FA8F59161CAA17560069846E /* VirtualTourist.xcdatamodeld in Sources */,
				FA8F59451CAA19990069846E /* FlickrConvenient.swift in Sources */,
				FA8F59411CAA19990069846E /* CoreDataStackManager.swift in Sources */,
				FA8F590E1CAA17560069846E /* AppDelegate.swift in Sources */,
			);
			runOnlyForDeploymentPostprocessing = 0;
		};
/* End PBXSourcesBuildPhase section */

/* Begin PBXVariantGroup section */
		FA8F59111CAA17560069846E /* Main.storyboard */ = {
			isa = PBXVariantGroup;
			children = (
				FA8F59121CAA17560069846E /* Base */,
			);
			name = Main.storyboard;
			sourceTree = "<group>";
		};
		FA8F59191CAA17560069846E /* LaunchScreen.storyboard */ = {
			isa = PBXVariantGroup;
			children = (
				FA8F591A1CAA17560069846E /* Base */,
			);
			name = LaunchScreen.storyboard;
			sourceTree = "<group>";
		};
/* End PBXVariantGroup section */

/* Begin XCBuildConfiguration section */
		FA8F591D1CAA17560069846E /* Debug */ = {
			isa = XCBuildConfiguration;
			buildSettings = {
				ALWAYS_SEARCH_USER_PATHS = NO;
				CLANG_ANALYZER_NONNULL = YES;
				CLANG_CXX_LANGUAGE_STANDARD = "gnu++0x";
				CLANG_CXX_LIBRARY = "libc++";
				CLANG_ENABLE_MODULES = YES;
				CLANG_ENABLE_OBJC_ARC = YES;
				CLANG_WARN_BOOL_CONVERSION = YES;
				CLANG_WARN_CONSTANT_CONVERSION = YES;
				CLANG_WARN_DIRECT_OBJC_ISA_USAGE = YES_ERROR;
				CLANG_WARN_EMPTY_BODY = YES;
				CLANG_WARN_ENUM_CONVERSION = YES;
				CLANG_WARN_INT_CONVERSION = YES;
				CLANG_WARN_OBJC_ROOT_CLASS = YES_ERROR;
				CLANG_WARN_UNREACHABLE_CODE = YES;
				CLANG_WARN__DUPLICATE_METHOD_MATCH = YES;
				"CODE_SIGN_IDENTITY[sdk=iphoneos*]" = "iPhone Developer";
				COPY_PHASE_STRIP = NO;
				DEBUG_INFORMATION_FORMAT = dwarf;
				ENABLE_STRICT_OBJC_MSGSEND = YES;
				ENABLE_TESTABILITY = YES;
				GCC_C_LANGUAGE_STANDARD = gnu99;
				GCC_DYNAMIC_NO_PIC = NO;
				GCC_NO_COMMON_BLOCKS = YES;
				GCC_OPTIMIZATION_LEVEL = 0;
				GCC_PREPROCESSOR_DEFINITIONS = (
					"DEBUG=1",
					"$(inherited)",
				);
				GCC_WARN_64_TO_32_BIT_CONVERSION = YES;
				GCC_WARN_ABOUT_RETURN_TYPE = YES_ERROR;
				GCC_WARN_UNDECLARED_SELECTOR = YES;
				GCC_WARN_UNINITIALIZED_AUTOS = YES_AGGRESSIVE;
				GCC_WARN_UNUSED_FUNCTION = YES;
				GCC_WARN_UNUSED_VARIABLE = YES;
				IPHONEOS_DEPLOYMENT_TARGET = 9.3;
				MTL_ENABLE_DEBUG_INFO = YES;
				ONLY_ACTIVE_ARCH = YES;
				SDKROOT = iphoneos;
				SWIFT_OPTIMIZATION_LEVEL = "-Onone";
				TARGETED_DEVICE_FAMILY = "1,2";
			};
			name = Debug;
		};
		FA8F591E1CAA17560069846E /* Release */ = {
			isa = XCBuildConfiguration;
			buildSettings = {
				ALWAYS_SEARCH_USER_PATHS = NO;
				CLANG_ANALYZER_NONNULL = YES;
				CLANG_CXX_LANGUAGE_STANDARD = "gnu++0x";
				CLANG_CXX_LIBRARY = "libc++";
				CLANG_ENABLE_MODULES = YES;
				CLANG_ENABLE_OBJC_ARC = YES;
				CLANG_WARN_BOOL_CONVERSION = YES;
				CLANG_WARN_CONSTANT_CONVERSION = YES;
				CLANG_WARN_DIRECT_OBJC_ISA_USAGE = YES_ERROR;
				CLANG_WARN_EMPTY_BODY = YES;
				CLANG_WARN_ENUM_CONVERSION = YES;
				CLANG_WARN_INT_CONVERSION = YES;
				CLANG_WARN_OBJC_ROOT_CLASS = YES_ERROR;
				CLANG_WARN_UNREACHABLE_CODE = YES;
				CLANG_WARN__DUPLICATE_METHOD_MATCH = YES;
				"CODE_SIGN_IDENTITY[sdk=iphoneos*]" = "iPhone Developer";
				COPY_PHASE_STRIP = NO;
				DEBUG_INFORMATION_FORMAT = "dwarf-with-dsym";
				ENABLE_NS_ASSERTIONS = NO;
				ENABLE_STRICT_OBJC_MSGSEND = YES;
				GCC_C_LANGUAGE_STANDARD = gnu99;
				GCC_NO_COMMON_BLOCKS = YES;
				GCC_WARN_64_TO_32_BIT_CONVERSION = YES;
				GCC_WARN_ABOUT_RETURN_TYPE = YES_ERROR;
				GCC_WARN_UNDECLARED_SELECTOR = YES;
				GCC_WARN_UNINITIALIZED_AUTOS = YES_AGGRESSIVE;
				GCC_WARN_UNUSED_FUNCTION = YES;
				GCC_WARN_UNUSED_VARIABLE = YES;
				IPHONEOS_DEPLOYMENT_TARGET = 9.3;
				MTL_ENABLE_DEBUG_INFO = NO;
				SDKROOT = iphoneos;
				TARGETED_DEVICE_FAMILY = "1,2";
				VALIDATE_PRODUCT = YES;
			};
			name = Release;
		};
		FA8F59201CAA17560069846E /* Debug */ = {
			isa = XCBuildConfiguration;
			buildSettings = {
				ASSETCATALOG_COMPILER_APPICON_NAME = AppIcon;
				INFOPLIST_FILE = "Virtual Tourist/Info.plist";
				LD_RUNPATH_SEARCH_PATHS = "$(inherited) @executable_path/Frameworks";
				PRODUCT_BUNDLE_IDENTIFIER = "roemmers.com.bo.Virtual-Tourist";
				PRODUCT_NAME = "$(TARGET_NAME)";
			};
			name = Debug;
		};
		FA8F59211CAA17560069846E /* Release */ = {
			isa = XCBuildConfiguration;
			buildSettings = {
				ASSETCATALOG_COMPILER_APPICON_NAME = AppIcon;
				INFOPLIST_FILE = "Virtual Tourist/Info.plist";
				LD_RUNPATH_SEARCH_PATHS = "$(inherited) @executable_path/Frameworks";
				PRODUCT_BUNDLE_IDENTIFIER = "roemmers.com.bo.Virtual-Tourist";
				PRODUCT_NAME = "$(TARGET_NAME)";
			};
			name = Release;
		};
/* End XCBuildConfiguration section */

/* Begin XCConfigurationList section */
		FA8F59051CAA17560069846E /* Build configuration list for PBXProject "Virtual Tourist" */ = {
			isa = XCConfigurationList;
			buildConfigurations = (
				FA8F591D1CAA17560069846E /* Debug */,
				FA8F591E1CAA17560069846E /* Release */,
			);
			defaultConfigurationIsVisible = 0;
			defaultConfigurationName = Release;
		};
		FA8F591F1CAA17560069846E /* Build configuration list for PBXNativeTarget "Virtual Tourist" */ = {
			isa = XCConfigurationList;
			buildConfigurations = (
				FA8F59201CAA17560069846E /* Debug */,
				FA8F59211CAA17560069846E /* Release */,
			);
			defaultConfigurationIsVisible = 0;
		};
/* End XCConfigurationList section */

/* Begin XCVersionGroup section */
		FA8F59141CAA17560069846E /* VirtualTourist.xcdatamodeld */ = {
			isa = XCVersionGroup;
			children = (
				FA8F59151CAA17560069846E /* VirtualTourist.xcdatamodel */,
			);
			currentVersion = FA8F59151CAA17560069846E /* VirtualTourist.xcdatamodel */;
			path = VirtualTourist.xcdatamodeld;
			sourceTree = "<group>";
			versionGroupType = wrapper.xcdatamodel;
		};
/* End XCVersionGroup section */
	};
	rootObject = FA8F59021CAA17560069846E /* Project object */;
}
